github.com/wilriker/goduetapiclient v0.0.0-20191014112126-94a17c5b2e4c h1:kbeSWusNKHJYqPLLUn3UqBsgUw+fqTLGBYqhiVfCvhQ=
github.com/wilriker/goduetapiclient v0.0.0-20191014112126-94a17c5b2e4c/go.mod h1:KSadGbt2Z/wbyhZoh3I+Zp0me9YqrLhAPrAjH9J8OLM=
github.com/wilriker/goduetapiclient v0.0.0-20191213105344-41ea5d36085a h1:jlWEyWAq7VTVxZo6SxywPjmZkEanBFhnfvzwgmh5KxA=
github.com/wilriker/goduetapiclient v0.0.0-20191213105344-41ea5d36085a/go.mod h1:KSadGbt2Z/wbyhZoh3I+Zp0me9YqrLhAPrAjH9J8OLM=
